
Microsoft Visual Studio Solution File, Format Version 12.00
# Visual Studio Version 17
VisualStudioVersion = 17.0.31919.166
MinimumVisualStudioVersion = 10.0.40219.1
Project("{9A19103F-16F7-4668-BE54-9A1E7A4F7556}") = "Send", "Send.csproj", "{60E05F62-61B0-4C02-99A0-F04FFEE381AD}"
EndProject
Global
	GlobalSection(SolutionConfigurationPlatforms) = preSolution
		Debug|Any CPU = Debug|Any CPU
		Release|Any CPU = Release|Any CPU
	EndGlobalSection
	GlobalSection(ProjectConfigurationPlatforms) = postSolution
		{60E05F62-61B0-4C02-99A0-F04FFEE381AD}.Debug|Any CPU.ActiveCfg = Debug|Any CPU
		{60E05F62-61B0-4C02-99A0-F04FFEE381AD}.Debug|Any CPU.Build.0 = Debug|Any CPU
		{60E05F62-61B0-4C02-99A0-F04FFEE381AD}.Release|Any CPU.ActiveCfg = Release|Any CPU
		{60E05F62-61B0-4C02-99A0-F04FFEE381AD}.Release|Any CPU.Build.0 = Release|Any CPU
	EndGlobalSection
	GlobalSection(SolutionProperties) = preSolution
		HideSolutionNode = FALSE
	EndGlobalSection
	GlobalSection(ExtensibilityGlobals) = postSolution
		SolutionGuid = {86663BDC-C050-42BE-8F04-4C947D9B6F0F}
	EndGlobalSection
EndGlobal
